// !$*UTF8*$!
{
	archiveVersion = 1;
	classes = {
	};
	objectVersion = 55;
	objects = {

/* Begin PBXBuildFile section */
		EE3EFEA8271A22E8005656CB /* AppDelegate.swift in Sources */ = {isa = PBXBuildFile; fileRef = EE3EFEA7271A22E8005656CB /* AppDelegate.swift */; };
		EE3EFEAA271A22E8005656CB /* SceneDelegate.swift in Sources */ = {isa = PBXBuildFile; fileRef = EE3EFEA9271A22E8005656CB /* SceneDelegate.swift */; };
		EE3EFEAC271A22E8005656CB /* ViewController.swift in Sources */ = {isa = PBXBuildFile; fileRef = EE3EFEAB271A22E8005656CB /* ViewController.swift */; };
		EE3EFEAF271A22E8005656CB /* Main.storyboard in Resources */ = {isa = PBXBuildFile; fileRef = EE3EFEAD271A22E8005656CB /* Main.storyboard */; };
		EE3EFEB1271A22EB005656CB /* Assets.xcassets in Resources */ = {isa = PBXBuildFile; fileRef = EE3EFEB0271A22EB005656CB /* Assets.xcassets */; };
		EE3EFEB4271A22EB005656CB /* LaunchScreen.storyboard in Resources */ = {isa = PBXBuildFile; fileRef = EE3EFEB2271A22EB005656CB /* LaunchScreen.storyboard */; };
		EE3EFEBF271A22EB005656CB /* funfunTests.swift in Sources */ = {isa = PBXBuildFile; fileRef = EE3EFEBE271A22EB005656CB /* funfunTests.swift */; };
		EE3EFEC9271A22EB005656CB /* funfunUITests.swift in Sources */ = {isa = PBXBuildFile; fileRef = EE3EFEC8271A22EB005656CB /* funfunUITests.swift */; };
		EE3EFECB271A22EB005656CB /* funfunUITestsLaunchTests.swift in Sources */ = {isa = PBXBuildFile; fileRef = EE3EFECA271A22EB005656CB /* funfunUITestsLaunchTests.swift */; };
/* End PBXBuildFile section */

/* Begin PBXContainerItemProxy section */
		EE3EFEBB271A22EB005656CB /* PBXContainerItemProxy */ = {
			isa = PBXContainerItemProxy;
			containerPortal = EE3EFE9C271A22E8005656CB /* Project object */;
			proxyType = 1;
			remoteGlobalIDString = EE3EFEA3271A22E8005656CB;
			remoteInfo = funfun;
		};
		EE3EFEC5271A22EB005656CB /* PBXContainerItemProxy */ = {
			isa = PBXContainerItemProxy;
			containerPortal = EE3EFE9C271A22E8005656CB /* Project object */;
			proxyType = 1;
			remoteGlobalIDString = EE3EFEA3271A22E8005656CB;
			remoteInfo = funfun;
		};
/* End PBXContainerItemProxy section */

/* Begin PBXFileReference section */
		EE3EFEA4271A22E8005656CB /* funfun.app */ = {isa = PBXFileReference; explicitFileType = wrapper.application; includeInIndex = 0; path = funfun.app; sourceTree = BUILT_PRODUCTS_DIR; };
		EE3EFEA7271A22E8005656CB /* AppDelegate.swift */ = {isa = PBXFileReference; lastKnownFileType = sourcecode.swift; path = AppDelegate.swift; sourceTree = "<group>"; };
		EE3EFEA9271A22E8005656CB /* SceneDelegate.swift */ = {isa = PBXFileReference; lastKnownFileType = sourcecode.swift; path = SceneDelegate.swift; sourceTree = "<group>"; };
		EE3EFEAB271A22E8005656CB /* ViewController.swift */ = {isa = PBXFileReference; lastKnownFileType = sourcecode.swift; path = ViewController.swift; sourceTree = "<group>"; };
		EE3EFEAE271A22E8005656CB /* Base */ = {isa = PBXFileReference; lastKnownFileType = file.storyboard; name = Base; path = Base.lproj/Main.storyboard; sourceTree = "<group>"; };
		EE3EFEB0271A22EB005656CB /* Assets.xcassets */ = {isa = PBXFileReference; lastKnownFileType = folder.assetcatalog; path = Assets.xcassets; sourceTree = "<group>"; };
		EE3EFEB3271A22EB005656CB /* Base */ = {isa = PBXFileReference; lastKnownFileType = file.storyboard; name = Base; path = Base.lproj/LaunchScreen.storyboard; sourceTree = "<group>"; };
		EE3EFEB5271A22EB005656CB /* Info.plist */ = {isa = PBXFileReference; lastKnownFileType = text.plist.xml; path = Info.plist; sourceTree = "<group>"; };
		EE3EFEBA271A22EB005656CB /* funfunTests.xctest */ = {isa = PBXFileReference; explicitFileType = wrapper.cfbundle; includeInIndex = 0; path = funfunTests.xctest; sourceTree = BUILT_PRODUCTS_DIR; };
		EE3EFEBE271A22EB005656CB /* funfunTests.swift */ = {isa = PBXFileReference; lastKnownFileType = sourcecode.swift; path = funfunTests.swift; sourceTree = "<group>"; };
		EE3EFEC4271A22EB005656CB /* funfunUITests.xctest */ = {isa = PBXFileReference; explicitFileType = wrapper.cfbundle; includeInIndex = 0; path = funfunUITests.xctest; sourceTree = BUILT_PRODUCTS_DIR; };
		EE3EFEC8271A22EB005656CB /* funfunUITests.swift */ = {isa = PBXFileReference; lastKnownFileType = sourcecode.swift; path = funfunUITests.swift; sourceTree = "<group>"; };
		EE3EFECA271A22EB005656CB /* funfunUITestsLaunchTests.swift */ = {isa = PBXFileReference; lastKnownFileType = sourcecode.swift; path = funfunUITestsLaunchTests.swift; sourceTree = "<group>"; };
/* End PBXFileReference section */

/* Begin PBXFrameworksBuildPhase section */
		EE3EFEA1271A22E8005656CB /* Frameworks */ = {
			isa = PBXFrameworksBuildPhase;
			buildActionMask = 2147483647;
			files = (
			);
			runOnlyForDeploymentPostprocessing = 0;
		};
		EE3EFEB7271A22EB005656CB /* Frameworks */ = {
			isa = PBXFrameworksBuildPhase;
			buildActionMask = 2147483647;
			files = (
			);
			runOnlyForDeploymentPostprocessing = 0;
		};
		EE3EFEC1271A22EB005656CB /* Frameworks */ = {
			isa = PBXFrameworksBuildPhase;
			buildActionMask = 2147483647;
			files = (
			);
			runOnlyForDeploymentPostprocessing = 0;
		};
/* End PBXFrameworksBuildPhase section */

/* Begin PBXGroup section */
		EE3EFE9B271A22E8005656CB = {
			isa = PBXGroup;
			children = (
				EE3EFEA6271A22E8005656CB /* funfun */,
				EE3EFEBD271A22EB005656CB /* funfunTests */,
				EE3EFEC7271A22EB005656CB /* funfunUITests */,
				EE3EFEA5271A22E8005656CB /* Products */,
			);
			sourceTree = "<group>";
		};
		EE3EFEA5271A22E8005656CB /* Products */ = {
			isa = PBXGroup;
			children = (
				EE3EFEA4271A22E8005656CB /* funfun.app */,
				EE3EFEBA271A22EB005656CB /* funfunTests.xctest */,
				EE3EFEC4271A22EB005656CB /* funfunUITests.xctest */,
			);
			name = Products;
			sourceTree = "<group>";
		};
		EE3EFEA6271A22E8005656CB /* funfun */ = {
			isa = PBXGroup;
			children = (
				EE3EFEA7271A22E8005656CB /* AppDelegate.swift */,
				EE3EFEA9271A22E8005656CB /* SceneDelegate.swift */,
				EE3EFEAB271A22E8005656CB /* ViewController.swift */,
				EE3EFEAD271A22E8005656CB /* Main.storyboard */,
				EE3EFEB0271A22EB005656CB /* Assets.xcassets */,
				EE3EFEB2271A22EB005656CB /* LaunchScreen.storyboard */,
				EE3EFEB5271A22EB005656CB /* Info.plist */,
			);
			path = funfun;
			sourceTree = "<group>";
		};
		EE3EFEBD271A22EB005656CB /* funfunTests */ = {
			isa = PBXGroup;
			children = (
				EE3EFEBE271A22EB005656CB /* funfunTests.swift */,
			);
			path = funfunTests;
			sourceTree = "<group>";
		};
		EE3EFEC7271A22EB005656CB /* funfunUITests */ = {
			isa = PBXGroup;
			children = (
				EE3EFEC8271A22EB005656CB /* funfunUITests.swift */,
				EE3EFECA271A22EB005656CB /* funfunUITestsLaunchTests.swift */,
			);
			path = funfunUITests;
			sourceTree = "<group>";
		};
/* End PBXGroup section */

/* Begin PBXNativeTarget section */
		EE3EFEA3271A22E8005656CB /* funfun */ = {
			isa = PBXNativeTarget;
			buildConfigurationList = EE3EFECE271A22EB005656CB /* Build configuration list for PBXNativeTarget "funfun" */;
			buildPhases = (
				EE3EFEA0271A22E8005656CB /* Sources */,
				EE3EFEA1271A22E8005656CB /* Frameworks */,
				EE3EFEA2271A22E8005656CB /* Resources */,
			);
			buildRules = (
			);
			dependencies = (
			);
			name = funfun;
			productName = funfun;
			productReference = EE3EFEA4271A22E8005656CB /* funfun.app */;
			productType = "com.apple.product-type.application";
		};
		EE3EFEB9271A22EB005656CB /* funfunTests */ = {
			isa = PBXNativeTarget;
			buildConfigurationList = EE3EFED1271A22EB005656CB /* Build configuration list for PBXNativeTarget "funfunTests" */;
			buildPhases = (
				EE3EFEB6271A22EB005656CB /* Sources */,
				EE3EFEB7271A22EB005656CB /* Frameworks */,
				EE3EFEB8271A22EB005656CB /* Resources */,
			);
			buildRules = (
			);
			dependencies = (
				EE3EFEBC271A22EB005656CB /* PBXTargetDependency */,
			);
			name = funfunTests;
			productName = funfunTests;
			productReference = EE3EFEBA271A22EB005656CB /* funfunTests.xctest */;
			productType = "com.apple.product-type.bundle.unit-test";
		};
		EE3EFEC3271A22EB005656CB /* funfunUITests */ = {
			isa = PBXNativeTarget;
			buildConfigurationList = EE3EFED4271A22EB005656CB /* Build configuration list for PBXNativeTarget "funfunUITests" */;
			buildPhases = (
				EE3EFEC0271A22EB005656CB /* Sources */,
				EE3EFEC1271A22EB005656CB /* Frameworks */,
				EE3EFEC2271A22EB005656CB /* Resources */,
			);
			buildRules = (
			);
			dependencies = (
				EE3EFEC6271A22EB005656CB /* PBXTargetDependency */,
			);
			name = funfunUITests;
			productName = funfunUITests;
			productReference = EE3EFEC4271A22EB005656CB /* funfunUITests.xctest */;
			productType = "com.apple.product-type.bundle.ui-testing";
		};
/* End PBXNativeTarget section */

/* Begin PBXProject section */
		EE3EFE9C271A22E8005656CB /* Project object */ = {
			isa = PBXProject;
			attributes = {
				BuildIndependentTargetsInParallel = 1;
				LastSwiftUpdateCheck = 1300;
				LastUpgradeCheck = 1300;
				TargetAttributes = {
					EE3EFEA3271A22E8005656CB = {
						CreatedOnToolsVersion = 13.0;
					};
					EE3EFEB9271A22EB005656CB = {
						CreatedOnToolsVersion = 13.0;
						TestTargetID = EE3EFEA3271A22E8005656CB;
					};
					EE3EFEC3271A22EB005656CB = {
						CreatedOnToolsVersion = 13.0;
						TestTargetID = EE3EFEA3271A22E8005656CB;
					};
				};
			};
			buildConfigurationList = EE3EFE9F271A22E8005656CB /* Build configuration list for PBXProject "funfun" */;
			compatibilityVersion = "Xcode 13.0";
			developmentRegion = en;
			hasScannedForEncodings = 0;
			knownRegions = (
				en,
				Base,
			);
			mainGroup = EE3EFE9B271A22E8005656CB;
			productRefGroup = EE3EFEA5271A22E8005656CB /* Products */;
			projectDirPath = "";
			projectRoot = "";
			targets = (
				EE3EFEA3271A22E8005656CB /* funfun */,
				EE3EFEB9271A22EB005656CB /* funfunTests */,
				EE3EFEC3271A22EB005656CB /* funfunUITests */,
			);
		};
/* End PBXProject section */

/* Begin PBXResourcesBuildPhase section */
		EE3EFEA2271A22E8005656CB /* Resources */ = {
			isa = PBXResourcesBuildPhase;
			buildActionMask = 2147483647;
			files = (
				EE3EFEB4271A22EB005656CB /* LaunchScreen.storyboard in Resources */,
				EE3EFEB1271A22EB005656CB /* Assets.xcassets in Resources */,
				EE3EFEAF271A22E8005656CB /* Main.storyboard in Resources */,
			);
			runOnlyForDeploymentPostprocessing = 0;
		};
		EE3EFEB8271A22EB005656CB /* Resources */ = {
			isa = PBXResourcesBuildPhase;
			buildActionMask = 2147483647;
			files = (
			);
			runOnlyForDeploymentPostprocessing = 0;
		};
		EE3EFEC2271A22EB005656CB /* Resources */ = {
			isa = PBXResourcesBuildPhase;
			buildActionMask = 2147483647;
			files = (
			);
			runOnlyForDeploymentPostprocessing = 0;
		};
/* End PBXResourcesBuildPhase section */

/* Begin PBXSourcesBuildPhase section */
		EE3EFEA0271A22E8005656CB /* Sources */ = {
			isa = PBXSourcesBuildPhase;
			buildActionMask = 2147483647;
			files = (
				EE3EFEAC271A22E8005656CB /* ViewController.swift in Sources */,
				EE3EFEA8271A22E8005656CB /* AppDelegate.swift in Sources */,
				EE3EFEAA271A22E8005656CB /* SceneDelegate.swift in Sources */,
			);
			runOnlyForDeploymentPostprocessing = 0;
		};
		EE3EFEB6271A22EB005656CB /* Sources */ = {
			isa = PBXSourcesBuildPhase;
			buildActionMask = 2147483647;
			files = (
				EE3EFEBF271A22EB005656CB /* funfunTests.swift in Sources */,
			);
			runOnlyForDeploymentPostprocessing = 0;
		};
		EE3EFEC0271A22EB005656CB /* Sources */ = {
			isa = PBXSourcesBuildPhase;
			buildActionMask = 2147483647;
			files = (
				EE3EFECB271A22EB005656CB /* funfunUITestsLaunchTests.swift in Sources */,
				EE3EFEC9271A22EB005656CB /* funfunUITests.swift in Sources */,
			);
			runOnlyForDeploymentPostprocessing = 0;
		};
/* End PBXSourcesBuildPhase section */

/* Begin PBXTargetDependency section */
		EE3EFEBC271A22EB005656CB /* PBXTargetDependency */ = {
			isa = PBXTargetDependency;
			target = EE3EFEA3271A22E8005656CB /* funfun */;
			targetProxy = EE3EFEBB271A22EB005656CB /* PBXContainerItemProxy */;
		};
		EE3EFEC6271A22EB005656CB /* PBXTargetDependency */ = {
			isa = PBXTargetDependency;
			target = EE3EFEA3271A22E8005656CB /* funfun */;
			targetProxy = EE3EFEC5271A22EB005656CB /* PBXContainerItemProxy */;
		};
/* End PBXTargetDependency section */

/* Begin PBXVariantGroup section */
		EE3EFEAD271A22E8005656CB /* Main.storyboard */ = {
			isa = PBXVariantGroup;
			children = (
				EE3EFEAE271A22E8005656CB /* Base */,
			);
			name = Main.storyboard;
			sourceTree = "<group>";
		};
		EE3EFEB2271A22EB005656CB /* LaunchScreen.storyboard */ = {
			isa = PBXVariantGroup;
			children = (
				EE3EFEB3271A22EB005656CB /* Base */,
			);
			name = LaunchScreen.storyboard;
			sourceTree = "<group>";
		};
/* End PBXVariantGroup section */

/* Begin XCBuildConfiguration section */
		EE3EFECC271A22EB005656CB /* Debug */ = {
			isa = XCBuildConfiguration;
			buildSettings = {
				ALWAYS_SEARCH_USER_PATHS = NO;
				CLANG_ANALYZER_NONNULL = YES;
				CLANG_ANALYZER_NUMBER_OBJECT_CONVERSION = YES_AGGRESSIVE;
				CLANG_CXX_LANGUAGE_STANDARD = "gnu++17";
				CLANG_CXX_LIBRARY = "libc++";
				CLANG_ENABLE_MODULES = YES;
				CLANG_ENABLE_OBJC_ARC = YES;
				CLANG_ENABLE_OBJC_WEAK = YES;
				CLANG_WARN_BLOCK_CAPTURE_AUTORELEASING = YES;
				CLANG_WARN_BOOL_CONVERSION = YES;
				CLANG_WARN_COMMA = YES;
				CLANG_WARN_CONSTANT_CONVERSION = YES;
				CLANG_WARN_DEPRECATED_OBJC_IMPLEMENTATIONS = YES;
				CLANG_WARN_DIRECT_OBJC_ISA_USAGE = YES_ERROR;
				CLANG_WARN_DOCUMENTATION_COMMENTS = YES;
				CLANG_WARN_EMPTY_BODY = YES;
				CLANG_WARN_ENUM_CONVERSION = YES;
				CLANG_WARN_INFINITE_RECURSION = YES;
				CLANG_WARN_INT_CONVERSION = YES;
				CLANG_WARN_NON_LITERAL_NULL_CONVERSION = YES;
				CLANG_WARN_OBJC_IMPLICIT_RETAIN_SELF = YES;
				CLANG_WARN_OBJC_LITERAL_CONVERSION = YES;
				CLANG_WARN_OBJC_ROOT_CLASS = YES_ERROR;
				CLANG_WARN_QUOTED_INCLUDE_IN_FRAMEWORK_HEADER = YES;
				CLANG_WARN_RANGE_LOOP_ANALYSIS = YES;
				CLANG_WARN_STRICT_PROTOTYPES = YES;
				CLANG_WARN_SUSPICIOUS_MOVE = YES;
				CLANG_WARN_UNGUARDED_AVAILABILITY = YES_AGGRESSIVE;
				CLANG_WARN_UNREACHABLE_CODE = YES;
				CLANG_WARN__DUPLICATE_METHOD_MATCH = YES;
				COPY_PHASE_STRIP = NO;
				DEBUG_INFORMATION_FORMAT = dwarf;
				ENABLE_STRICT_OBJC_MSGSEND = YES;
				ENABLE_TESTABILITY = YES;
				GCC_C_LANGUAGE_STANDARD = gnu11;
				GCC_DYNAMIC_NO_PIC = NO;
				GCC_NO_COMMON_BLOCKS = YES;
				GCC_OPTIMIZATION_LEVEL = 0;
				GCC_PREPROCESSOR_DEFINITIONS = (
					"DEBUG=1",
					"$(inherited)",
				);
				GCC_WARN_64_TO_32_BIT_CONVERSION = YES;
				GCC_WARN_ABOUT_RETURN_TYPE = YES_ERROR;
				GCC_WARN_UNDECLARED_SELECTOR = YES;
				GCC_WARN_UNINITIALIZED_AUTOS = YES_AGGRESSIVE;
				GCC_WARN_UNUSED_FUNCTION = YES;
				GCC_WARN_UNUSED_VARIABLE = YES;
				IPHONEOS_DEPLOYMENT_TARGET = 14.0;
				MTL_ENABLE_DEBUG_INFO = INCLUDE_SOURCE;
				MTL_FAST_MATH = YES;
				ONLY_ACTIVE_ARCH = YES;
				SDKROOT = iphoneos;
				SWIFT_ACTIVE_COMPILATION_CONDITIONS = DEBUG;
				SWIFT_OPTIMIZATION_LEVEL = "-Onone";
			};
			name = Debug;
		};
		EE3EFECD271A22EB005656CB /* Release */ = {
			isa = XCBuildConfiguration;
			buildSettings = {
				ALWAYS_SEARCH_USER_PATHS = NO;
				CLANG_ANALYZER_NONNULL = YES;
				CLANG_ANALYZER_NUMBER_OBJECT_CONVERSION = YES_AGGRESSIVE;
				CLANG_CXX_LANGUAGE_STANDARD = "gnu++17";
				CLANG_CXX_LIBRARY = "libc++";
				CLANG_ENABLE_MODULES = YES;
				CLANG_ENABLE_OBJC_ARC = YES;
				CLANG_ENABLE_OBJC_WEAK = YES;
				CLANG_WARN_BLOCK_CAPTURE_AUTORELEASING = YES;
				CLANG_WARN_BOOL_CONVERSION = YES;
				CLANG_WARN_COMMA = YES;
				CLANG_WARN_CONSTANT_CONVERSION = YES;
				CLANG_WARN_DEPRECATED_OBJC_IMPLEMENTATIONS = YES;
				CLANG_WARN_DIRECT_OBJC_ISA_USAGE = YES_ERROR;
				CLANG_WARN_DOCUMENTATION_COMMENTS = YES;
				CLANG_WARN_EMPTY_BODY = YES;
				CLANG_WARN_ENUM_CONVERSION = YES;
				CLANG_WARN_INFINITE_RECURSION = YES;
				CLANG_WARN_INT_CONVERSION = YES;
				CLANG_WARN_NON_LITERAL_NULL_CONVERSION = YES;
				CLANG_WARN_OBJC_IMPLICIT_RETAIN_SELF = YES;
				CLANG_WARN_OBJC_LITERAL_CONVERSION = YES;
				CLANG_WARN_OBJC_ROOT_CLASS = YES_ERROR;
				CLANG_WARN_QUOTED_INCLUDE_IN_FRAMEWORK_HEADER = YES;
				CLANG_WARN_RANGE_LOOP_ANALYSIS = YES;
				CLANG_WARN_STRICT_PROTOTYPES = YES;
				CLANG_WARN_SUSPICIOUS_MOVE = YES;
				CLANG_WARN_UNGUARDED_AVAILABILITY = YES_AGGRESSIVE;
				CLANG_WARN_UNREACHABLE_CODE = YES;
				CLANG_WARN__DUPLICATE_METHOD_MATCH = YES;
				COPY_PHASE_STRIP = NO;
				DEBUG_INFORMATION_FORMAT = "dwarf-with-dsym";
				ENABLE_NS_ASSERTIONS = NO;
				ENABLE_STRICT_OBJC_MSGSEND = YES;
				GCC_C_LANGUAGE_STANDARD = gnu11;
				GCC_NO_COMMON_BLOCKS = YES;
				GCC_WARN_64_TO_32_BIT_CONVERSION = YES;
				GCC_WARN_ABOUT_RETURN_TYPE = YES_ERROR;
				GCC_WARN_UNDECLARED_SELECTOR = YES;
				GCC_WARN_UNINITIALIZED_AUTOS = YES_AGGRESSIVE;
				GCC_WARN_UNUSED_FUNCTION = YES;
				GCC_WARN_UNUSED_VARIABLE = YES;
				IPHONEOS_DEPLOYMENT_TARGET = 14.0;
				MTL_ENABLE_DEBUG_INFO = NO;
				MTL_FAST_MATH = YES;
				SDKROOT = iphoneos;
				SWIFT_COMPILATION_MODE = wholemodule;
				SWIFT_OPTIMIZATION_LEVEL = "-O";
				VALIDATE_PRODUCT = YES;
			};
			name = Release;
		};
		EE3EFECF271A22EB005656CB /* Debug */ = {
			isa = XCBuildConfiguration;
			buildSettings = {
				ASSETCATALOG_COMPILER_APPICON_NAME = AppIcon;
				ASSETCATALOG_COMPILER_GLOBAL_ACCENT_COLOR_NAME = AccentColor;
				CODE_SIGN_STYLE = Automatic;
				CURRENT_PROJECT_VERSION = 1;
				GENERATE_INFOPLIST_FILE = YES;
				INFOPLIST_FILE = funfun/Info.plist;
				INFOPLIST_KEY_UIApplicationSupportsIndirectInputEvents = YES;
				INFOPLIST_KEY_UILaunchStoryboardName = LaunchScreen;
				INFOPLIST_KEY_UIMainStoryboardFile = Main;
				INFOPLIST_KEY_UISupportedInterfaceOrientations_iPad = "UIInterfaceOrientationPortrait UIInterfaceOrientationPortraitUpsideDown UIInterfaceOrientationLandscapeLeft UIInterfaceOrientationLandscapeRight";
				INFOPLIST_KEY_UISupportedInterfaceOrientations_iPhone = "UIInterfaceOrientationPortrait UIInterfaceOrientationLandscapeLeft UIInterfaceOrientationLandscapeRight";
				LD_RUNPATH_SEARCH_PATHS = (
					"$(inherited)",
					"@executable_path/Frameworks",
				);
				MARKETING_VERSION = 1.0;
				PRODUCT_BUNDLE_IDENTIFIER = oliva.funfun;
				PRODUCT_NAME = "$(TARGET_NAME)";
				SWIFT_EMIT_LOC_STRINGS = YES;
				SWIFT_VERSION = 5.0;
				TARGETED_DEVICE_FAMILY = "1,2";
			};
			name = Debug;
		};
		EE3EFED0271A22EB005656CB /* Release */ = {
			isa = XCBuildConfiguration;
			buildSettings = {
				ASSETCATALOG_COMPILER_APPICON_NAME = AppIcon;
				ASSETCATALOG_COMPILER_GLOBAL_ACCENT_COLOR_NAME = AccentColor;
				CODE_SIGN_STYLE = Automatic;
				CURRENT_PROJECT_VERSION = 1;
				GENERATE_INFOPLIST_FILE = YES;
				INFOPLIST_FILE = funfun/Info.plist;
				INFOPLIST_KEY_UIApplicationSupportsIndirectInputEvents = YES;
				INFOPLIST_KEY_UILaunchStoryboardName = LaunchScreen;
				INFOPLIST_KEY_UIMainStoryboardFile = Main;
				INFOPLIST_KEY_UISupportedInterfaceOrientations_iPad = "UIInterfaceOrientationPortrait UIInterfaceOrientationPortraitUpsideDown UIInterfaceOrientationLandscapeLeft UIInterfaceOrientationLandscapeRight";
				INFOPLIST_KEY_UISupportedInterfaceOrientations_iPhone = "UIInterfaceOrientationPortrait UIInterfaceOrientationLandscapeLeft UIInterfaceOrientationLandscapeRight";
				LD_RUNPATH_SEARCH_PATHS = (
					"$(inherited)",
					"@executable_path/Frameworks",
				);
				MARKETING_VERSION = 1.0;
				PRODUCT_BUNDLE_IDENTIFIER = oliva.funfun;
				PRODUCT_NAME = "$(TARGET_NAME)";
				SWIFT_EMIT_LOC_STRINGS = YES;
				SWIFT_VERSION = 5.0;
				TARGETED_DEVICE_FAMILY = "1,2";
			};
			name = Release;
		};
		EE3EFED2271A22EB005656CB /* Debug */ = {
			isa = XCBuildConfiguration;
			buildSettings = {
				ALWAYS_EMBED_SWIFT_STANDARD_LIBRARIES = YES;
				BUNDLE_LOADER = "$(TEST_HOST)";
				CODE_SIGN_STYLE = Automatic;
				CURRENT_PROJECT_VERSION = 1;
				GENERATE_INFOPLIST_FILE = YES;
				LD_RUNPATH_SEARCH_PATHS = (
					"$(inherited)",
					"@executable_path/Frameworks",
					"@loader_path/Frameworks",
				);
				MARKETING_VERSION = 1.0;
				PRODUCT_BUNDLE_IDENTIFIER = oliva.funfunTests;
				PRODUCT_NAME = "$(TARGET_NAME)";
				SWIFT_EMIT_LOC_STRINGS = NO;
				SWIFT_VERSION = 5.0;
				TARGETED_DEVICE_FAMILY = "1,2";
				TEST_HOST = "$(BUILT_PRODUCTS_DIR)/funfun.app/funfun";
			};
			name = Debug;
		};
		EE3EFED3271A22EB005656CB /* Release */ = {
			isa = XCBuildConfiguration;
			buildSettings = {
				ALWAYS_EMBED_SWIFT_STANDARD_LIBRARIES = YES;
				BUNDLE_LOADER = "$(TEST_HOST)";
				CODE_SIGN_STYLE = Automatic;
				CURRENT_PROJECT_VERSION = 1;
				GENERATE_INFOPLIST_FILE = YES;
				LD_RUNPATH_SEARCH_PATHS = (
					"$(inherited)",
					"@executable_path/Frameworks",
					"@loader_path/Frameworks",
				);
				MARKETING_VERSION = 1.0;
				PRODUCT_BUNDLE_IDENTIFIER = oliva.funfunTests;
				PRODUCT_NAME = "$(TARGET_NAME)";
				SWIFT_EMIT_LOC_STRINGS = NO;
				SWIFT_VERSION = 5.0;
				TARGETED_DEVICE_FAMILY = "1,2";
				TEST_HOST = "$(BUILT_PRODUCTS_DIR)/funfun.app/funfun";
			};
			name = Release;
		};
		EE3EFED5271A22EB005656CB /* Debug */ = {
			isa = XCBuildConfiguration;
			buildSettings = {
				ALWAYS_EMBED_SWIFT_STANDARD_LIBRARIES = YES;
				CODE_SIGN_STYLE = Automatic;
				CURRENT_PROJECT_VERSION = 1;
				GENERATE_INFOPLIST_FILE = YES;
				LD_RUNPATH_SEARCH_PATHS = (
					"$(inherited)",
					"@executable_path/Frameworks",
					"@loader_path/Frameworks",
				);
				MARKETING_VERSION = 1.0;
				PRODUCT_BUNDLE_IDENTIFIER = oliva.funfunUITests;
				PRODUCT_NAME = "$(TARGET_NAME)";
				SWIFT_EMIT_LOC_STRINGS = NO;
				SWIFT_VERSION = 5.0;
				TARGETED_DEVICE_FAMILY = "1,2";
				TEST_TARGET_NAME = funfun;
			};
			name = Debug;
		};
		EE3EFED6271A22EB005656CB /* Release */ = {
			isa = XCBuildConfiguration;
			buildSettings = {
				ALWAYS_EMBED_SWIFT_STANDARD_LIBRARIES = YES;
				CODE_SIGN_STYLE = Automatic;
				CURRENT_PROJECT_VERSION = 1;
				GENERATE_INFOPLIST_FILE = YES;
				LD_RUNPATH_SEARCH_PATHS = (
					"$(inherited)",
					"@executable_path/Frameworks",
					"@loader_path/Frameworks",
				);
				MARKETING_VERSION = 1.0;
				PRODUCT_BUNDLE_IDENTIFIER = oliva.funfunUITests;
				PRODUCT_NAME = "$(TARGET_NAME)";
				SWIFT_EMIT_LOC_STRINGS = NO;
				SWIFT_VERSION = 5.0;
				TARGETED_DEVICE_FAMILY = "1,2";
				TEST_TARGET_NAME = funfun;
			};
			name = Release;
		};
/* End XCBuildConfiguration section */

/* Begin XCConfigurationList section */
		EE3EFE9F271A22E8005656CB /* Build configuration list for PBXProject "funfun" */ = {
			isa = XCConfigurationList;
			buildConfigurations = (
				EE3EFECC271A22EB005656CB /* Debug */,
				EE3EFECD271A22EB005656CB /* Release */,
			);
			defaultConfigurationIsVisible = 0;
			defaultConfigurationName = Release;
		};
		EE3EFECE271A22EB005656CB /* Build configuration list for PBXNativeTarget "funfun" */ = {
			isa = XCConfigurationList;
			buildConfigurations = (
				EE3EFECF271A22EB005656CB /* Debug */,
				EE3EFED0271A22EB005656CB /* Release */,
			);
			defaultConfigurationIsVisible = 0;
			defaultConfigurationName = Release;
		};
		EE3EFED1271A22EB005656CB /* Build configuration list for PBXNativeTarget "funfunTests" */ = {
			isa = XCConfigurationList;
			buildConfigurations = (
				EE3EFED2271A22EB005656CB /* Debug */,
				EE3EFED3271A22EB005656CB /* Release */,
			);
			defaultConfigurationIsVisible = 0;
			defaultConfigurationName = Release;
		};
		EE3EFED4271A22EB005656CB /* Build configuration list for PBXNativeTarget "funfunUITests" */ = {
			isa = XCConfigurationList;
			buildConfigurations = (
				EE3EFED5271A22EB005656CB /* Debug */,
				EE3EFED6271A22EB005656CB /* Release */,
			);
			defaultConfigurationIsVisible = 0;
			defaultConfigurationName = Release;
		};
/* End XCConfigurationList section */
	};
	rootObject = EE3EFE9C271A22E8005656CB /* Project object */;
}
